
Microsoft Visual Studio Solution File, Format Version 12.00
Project("{FAE04EC0-301F-11D3-BF4B-00C04F79EFBC}") = "Mrucznik", "Mrucznik\Mrucznik.csproj", "{86230376-DEDA-4D9C-8682-CA5E3010BF1C}"
EndProject
Global
	GlobalSection(SolutionConfigurationPlatforms) = preSolution
		Debug|Any CPU = Debug|Any CPU
		Release|Any CPU = Release|Any CPU
	EndGlobalSection
	GlobalSection(ProjectConfigurationPlatforms) = postSolution
		{86230376-DEDA-4D9C-8682-CA5E3010BF1C}.Debug|Any CPU.ActiveCfg = Debug|Any CPU
		{86230376-DEDA-4D9C-8682-CA5E3010BF1C}.Debug|Any CPU.Build.0 = Debug|Any CPU
		{86230376-DEDA-4D9C-8682-CA5E3010BF1C}.Release|Any CPU.ActiveCfg = Release|Any CPU
		{86230376-DEDA-4D9C-8682-CA5E3010BF1C}.Release|Any CPU.Build.0 = Release|Any CPU
	EndGlobalSection
EndGlobal
